// !$*UTF8*$!
{
	archiveVersion = 1;
	classes = {
	};
	objectVersion = 55;
	objects = {

/* Begin PBXBuildFile section */
		E8811C9B28CAB9D5000EFDD6 /* KPSSciApp.swift in Sources */ = {isa = PBXBuildFile; fileRef = E8811C9A28CAB9D5000EFDD6 /* KPSSciApp.swift */; };
		E8811C9D28CAB9D5000EFDD6 /* ContentView.swift in Sources */ = {isa = PBXBuildFile; fileRef = E8811C9C28CAB9D5000EFDD6 /* ContentView.swift */; };
		E8811C9F28CAB9D6000EFDD6 /* Assets.xcassets in Resources */ = {isa = PBXBuildFile; fileRef = E8811C9E28CAB9D6000EFDD6 /* Assets.xcassets */; };
		E8811CA228CAB9D6000EFDD6 /* Preview Assets.xcassets in Resources */ = {isa = PBXBuildFile; fileRef = E8811CA128CAB9D6000EFDD6 /* Preview Assets.xcassets */; };
		E8811CA428CAB9D6000EFDD6 /* Persistence.swift in Sources */ = {isa = PBXBuildFile; fileRef = E8811CA328CAB9D6000EFDD6 /* Persistence.swift */; };
		E8811CA728CAB9D6000EFDD6 /* KPSSci.xcdatamodeld in Sources */ = {isa = PBXBuildFile; fileRef = E8811CA528CAB9D6000EFDD6 /* KPSSci.xcdatamodeld */; };
		E8811CB128CAB9D6000EFDD6 /* KPSSciTests.swift in Sources */ = {isa = PBXBuildFile; fileRef = E8811CB028CAB9D6000EFDD6 /* KPSSciTests.swift */; };
		E8811CBB28CAB9D6000EFDD6 /* KPSSciUITests.swift in Sources */ = {isa = PBXBuildFile; fileRef = E8811CBA28CAB9D6000EFDD6 /* KPSSciUITests.swift */; };
		E8811CBD28CAB9D6000EFDD6 /* KPSSciUITestsLaunchTests.swift in Sources */ = {isa = PBXBuildFile; fileRef = E8811CBC28CAB9D6000EFDD6 /* KPSSciUITestsLaunchTests.swift */; };
		E8811CCA28CABD12000EFDD6 /* SplashScreen.swift in Sources */ = {isa = PBXBuildFile; fileRef = E8811CC928CABD12000EFDD6 /* SplashScreen.swift */; };
/* End PBXBuildFile section */

/* Begin PBXContainerItemProxy section */
		E8811CAD28CAB9D6000EFDD6 /* PBXContainerItemProxy */ = {
			isa = PBXContainerItemProxy;
			containerPortal = E8811C8F28CAB9D5000EFDD6 /* Project object */;
			proxyType = 1;
			remoteGlobalIDString = E8811C9628CAB9D5000EFDD6;
			remoteInfo = KPSSci;
		};
		E8811CB728CAB9D6000EFDD6 /* PBXContainerItemProxy */ = {
			isa = PBXContainerItemProxy;
			containerPortal = E8811C8F28CAB9D5000EFDD6 /* Project object */;
			proxyType = 1;
			remoteGlobalIDString = E8811C9628CAB9D5000EFDD6;
			remoteInfo = KPSSci;
		};
/* End PBXContainerItemProxy section */

/* Begin PBXFileReference section */
		E8811C9728CAB9D5000EFDD6 /* KPSSci.app */ = {isa = PBXFileReference; explicitFileType = wrapper.application; includeInIndex = 0; path = KPSSci.app; sourceTree = BUILT_PRODUCTS_DIR; };
		E8811C9A28CAB9D5000EFDD6 /* KPSSciApp.swift */ = {isa = PBXFileReference; lastKnownFileType = sourcecode.swift; path = KPSSciApp.swift; sourceTree = "<group>"; };
		E8811C9C28CAB9D5000EFDD6 /* ContentView.swift */ = {isa = PBXFileReference; lastKnownFileType = sourcecode.swift; path = ContentView.swift; sourceTree = "<group>"; };
		E8811C9E28CAB9D6000EFDD6 /* Assets.xcassets */ = {isa = PBXFileReference; lastKnownFileType = folder.assetcatalog; path = Assets.xcassets; sourceTree = "<group>"; };
		E8811CA128CAB9D6000EFDD6 /* Preview Assets.xcassets */ = {isa = PBXFileReference; lastKnownFileType = folder.assetcatalog; path = "Preview Assets.xcassets"; sourceTree = "<group>"; };
		E8811CA328CAB9D6000EFDD6 /* Persistence.swift */ = {isa = PBXFileReference; lastKnownFileType = sourcecode.swift; path = Persistence.swift; sourceTree = "<group>"; };
		E8811CA628CAB9D6000EFDD6 /* KPSSci.xcdatamodel */ = {isa = PBXFileReference; lastKnownFileType = wrapper.xcdatamodel; path = KPSSci.xcdatamodel; sourceTree = "<group>"; };
		E8811CAC28CAB9D6000EFDD6 /* KPSSciTests.xctest */ = {isa = PBXFileReference; explicitFileType = wrapper.cfbundle; includeInIndex = 0; path = KPSSciTests.xctest; sourceTree = BUILT_PRODUCTS_DIR; };
		E8811CB028CAB9D6000EFDD6 /* KPSSciTests.swift */ = {isa = PBXFileReference; lastKnownFileType = sourcecode.swift; path = KPSSciTests.swift; sourceTree = "<group>"; };
		E8811CB628CAB9D6000EFDD6 /* KPSSciUITests.xctest */ = {isa = PBXFileReference; explicitFileType = wrapper.cfbundle; includeInIndex = 0; path = KPSSciUITests.xctest; sourceTree = BUILT_PRODUCTS_DIR; };
		E8811CBA28CAB9D6000EFDD6 /* KPSSciUITests.swift */ = {isa = PBXFileReference; lastKnownFileType = sourcecode.swift; path = KPSSciUITests.swift; sourceTree = "<group>"; };
		E8811CBC28CAB9D6000EFDD6 /* KPSSciUITestsLaunchTests.swift */ = {isa = PBXFileReference; lastKnownFileType = sourcecode.swift; path = KPSSciUITestsLaunchTests.swift; sourceTree = "<group>"; };
		E8811CC928CABD12000EFDD6 /* SplashScreen.swift */ = {isa = PBXFileReference; lastKnownFileType = sourcecode.swift; path = SplashScreen.swift; sourceTree = "<group>"; };
/* End PBXFileReference section */

/* Begin PBXFrameworksBuildPhase section */
		E8811C9428CAB9D5000EFDD6 /* Frameworks */ = {
			isa = PBXFrameworksBuildPhase;
			buildActionMask = 2147483647;
			files = (
			);
			runOnlyForDeploymentPostprocessing = 0;
		};
		E8811CA928CAB9D6000EFDD6 /* Frameworks */ = {
			isa = PBXFrameworksBuildPhase;
			buildActionMask = 2147483647;
			files = (
			);
			runOnlyForDeploymentPostprocessing = 0;
		};
		E8811CB328CAB9D6000EFDD6 /* Frameworks */ = {
			isa = PBXFrameworksBuildPhase;
			buildActionMask = 2147483647;
			files = (
			);
			runOnlyForDeploymentPostprocessing = 0;
		};
/* End PBXFrameworksBuildPhase section */

/* Begin PBXGroup section */
		E8811C8E28CAB9D5000EFDD6 = {
			isa = PBXGroup;
			children = (
				E8811C9928CAB9D5000EFDD6 /* KPSSci */,
				E8811CAF28CAB9D6000EFDD6 /* KPSSciTests */,
				E8811CB928CAB9D6000EFDD6 /* KPSSciUITests */,
				E8811C9828CAB9D5000EFDD6 /* Products */,
			);
			sourceTree = "<group>";
		};
		E8811C9828CAB9D5000EFDD6 /* Products */ = {
			isa = PBXGroup;
			children = (
				E8811C9728CAB9D5000EFDD6 /* KPSSci.app */,
				E8811CAC28CAB9D6000EFDD6 /* KPSSciTests.xctest */,
				E8811CB628CAB9D6000EFDD6 /* KPSSciUITests.xctest */,
			);
			name = Products;
			sourceTree = "<group>";
		};
		E8811C9928CAB9D5000EFDD6 /* KPSSci */ = {
			isa = PBXGroup;
			children = (
				E8811C9A28CAB9D5000EFDD6 /* KPSSciApp.swift */,
				E8811C9C28CAB9D5000EFDD6 /* ContentView.swift */,
				E8811C9E28CAB9D6000EFDD6 /* Assets.xcassets */,
				E8811CA328CAB9D6000EFDD6 /* Persistence.swift */,
				E8811CA528CAB9D6000EFDD6 /* KPSSci.xcdatamodeld */,
				E8811CA028CAB9D6000EFDD6 /* Preview Content */,
				E8811CC928CABD12000EFDD6 /* SplashScreen.swift */,
			);
			path = KPSSci;
			sourceTree = "<group>";
		};
		E8811CA028CAB9D6000EFDD6 /* Preview Content */ = {
			isa = PBXGroup;
			children = (
				E8811CA128CAB9D6000EFDD6 /* Preview Assets.xcassets */,
			);
			path = "Preview Content";
			sourceTree = "<group>";
		};
		E8811CAF28CAB9D6000EFDD6 /* KPSSciTests */ = {
			isa = PBXGroup;
			children = (
				E8811CB028CAB9D6000EFDD6 /* KPSSciTests.swift */,
			);
			path = KPSSciTests;
			sourceTree = "<group>";
		};
		E8811CB928CAB9D6000EFDD6 /* KPSSciUITests */ = {
			isa = PBXGroup;
			children = (
				E8811CBA28CAB9D6000EFDD6 /* KPSSciUITests.swift */,
				E8811CBC28CAB9D6000EFDD6 /* KPSSciUITestsLaunchTests.swift */,
			);
			path = KPSSciUITests;
			sourceTree = "<group>";
		};
/* End PBXGroup section */

/* Begin PBXNativeTarget section */
		E8811C9628CAB9D5000EFDD6 /* KPSSci */ = {
			isa = PBXNativeTarget;
			buildConfigurationList = E8811CC028CAB9D6000EFDD6 /* Build configuration list for PBXNativeTarget "KPSSci" */;
			buildPhases = (
				E8811C9328CAB9D5000EFDD6 /* Sources */,
				E8811C9428CAB9D5000EFDD6 /* Frameworks */,
				E8811C9528CAB9D5000EFDD6 /* Resources */,
			);
			buildRules = (
			);
			dependencies = (
			);
			name = KPSSci;
			productName = KPSSci;
			productReference = E8811C9728CAB9D5000EFDD6 /* KPSSci.app */;
			productType = "com.apple.product-type.application";
		};
		E8811CAB28CAB9D6000EFDD6 /* KPSSciTests */ = {
			isa = PBXNativeTarget;
			buildConfigurationList = E8811CC328CAB9D6000EFDD6 /* Build configuration list for PBXNativeTarget "KPSSciTests" */;
			buildPhases = (
				E8811CA828CAB9D6000EFDD6 /* Sources */,
				E8811CA928CAB9D6000EFDD6 /* Frameworks */,
				E8811CAA28CAB9D6000EFDD6 /* Resources */,
			);
			buildRules = (
			);
			dependencies = (
				E8811CAE28CAB9D6000EFDD6 /* PBXTargetDependency */,
			);
			name = KPSSciTests;
			productName = KPSSciTests;
			productReference = E8811CAC28CAB9D6000EFDD6 /* KPSSciTests.xctest */;
			productType = "com.apple.product-type.bundle.unit-test";
		};
		E8811CB528CAB9D6000EFDD6 /* KPSSciUITests */ = {
			isa = PBXNativeTarget;
			buildConfigurationList = E8811CC628CAB9D6000EFDD6 /* Build configuration list for PBXNativeTarget "KPSSciUITests" */;
			buildPhases = (
				E8811CB228CAB9D6000EFDD6 /* Sources */,
				E8811CB328CAB9D6000EFDD6 /* Frameworks */,
				E8811CB428CAB9D6000EFDD6 /* Resources */,
			);
			buildRules = (
			);
			dependencies = (
				E8811CB828CAB9D6000EFDD6 /* PBXTargetDependency */,
			);
			name = KPSSciUITests;
			productName = KPSSciUITests;
			productReference = E8811CB628CAB9D6000EFDD6 /* KPSSciUITests.xctest */;
			productType = "com.apple.product-type.bundle.ui-testing";
		};
/* End PBXNativeTarget section */

/* Begin PBXProject section */
		E8811C8F28CAB9D5000EFDD6 /* Project object */ = {
			isa = PBXProject;
			attributes = {
				BuildIndependentTargetsInParallel = 1;
				LastSwiftUpdateCheck = 1340;
				LastUpgradeCheck = 1340;
				TargetAttributes = {
					E8811C9628CAB9D5000EFDD6 = {
						CreatedOnToolsVersion = 13.4.1;
					};
					E8811CAB28CAB9D6000EFDD6 = {
						CreatedOnToolsVersion = 13.4.1;
						TestTargetID = E8811C9628CAB9D5000EFDD6;
					};
					E8811CB528CAB9D6000EFDD6 = {
						CreatedOnToolsVersion = 13.4.1;
						TestTargetID = E8811C9628CAB9D5000EFDD6;
					};
				};
			};
			buildConfigurationList = E8811C9228CAB9D5000EFDD6 /* Build configuration list for PBXProject "KPSSci" */;
			compatibilityVersion = "Xcode 13.0";
			developmentRegion = en;
			hasScannedForEncodings = 0;
			knownRegions = (
				en,
				Base,
			);
			mainGroup = E8811C8E28CAB9D5000EFDD6;
			productRefGroup = E8811C9828CAB9D5000EFDD6 /* Products */;
			projectDirPath = "";
			projectRoot = "";
			targets = (
				E8811C9628CAB9D5000EFDD6 /* KPSSci */,
				E8811CAB28CAB9D6000EFDD6 /* KPSSciTests */,
				E8811CB528CAB9D6000EFDD6 /* KPSSciUITests */,
			);
		};
/* End PBXProject section */

/* Begin PBXResourcesBuildPhase section */
		E8811C9528CAB9D5000EFDD6 /* Resources */ = {
			isa = PBXResourcesBuildPhase;
			buildActionMask = 2147483647;
			files = (
				E8811CA228CAB9D6000EFDD6 /* Preview Assets.xcassets in Resources */,
				E8811C9F28CAB9D6000EFDD6 /* Assets.xcassets in Resources */,
			);
			runOnlyForDeploymentPostprocessing = 0;
		};
		E8811CAA28CAB9D6000EFDD6 /* Resources */ = {
			isa = PBXResourcesBuildPhase;
			buildActionMask = 2147483647;
			files = (
			);
			runOnlyForDeploymentPostprocessing = 0;
		};
		E8811CB428CAB9D6000EFDD6 /* Resources */ = {
			isa = PBXResourcesBuildPhase;
			buildActionMask = 2147483647;
			files = (
			);
			runOnlyForDeploymentPostprocessing = 0;
		};
/* End PBXResourcesBuildPhase section */

/* Begin PBXSourcesBuildPhase section */
		E8811C9328CAB9D5000EFDD6 /* Sources */ = {
			isa = PBXSourcesBuildPhase;
			buildActionMask = 2147483647;
			files = (
				E8811CCA28CABD12000EFDD6 /* SplashScreen.swift in Sources */,
				E8811CA728CAB9D6000EFDD6 /* KPSSci.xcdatamodeld in Sources */,
				E8811CA428CAB9D6000EFDD6 /* Persistence.swift in Sources */,
				E8811C9D28CAB9D5000EFDD6 /* ContentView.swift in Sources */,
				E8811C9B28CAB9D5000EFDD6 /* KPSSciApp.swift in Sources */,
			);
			runOnlyForDeploymentPostprocessing = 0;
		};
		E8811CA828CAB9D6000EFDD6 /* Sources */ = {
			isa = PBXSourcesBuildPhase;
			buildActionMask = 2147483647;
			files = (
				E8811CB128CAB9D6000EFDD6 /* KPSSciTests.swift in Sources */,
			);
			runOnlyForDeploymentPostprocessing = 0;
		};
		E8811CB228CAB9D6000EFDD6 /* Sources */ = {
			isa = PBXSourcesBuildPhase;
			buildActionMask = 2147483647;
			files = (
				E8811CBB28CAB9D6000EFDD6 /* KPSSciUITests.swift in Sources */,
				E8811CBD28CAB9D6000EFDD6 /* KPSSciUITestsLaunchTests.swift in Sources */,
			);
			runOnlyForDeploymentPostprocessing = 0;
		};
/* End PBXSourcesBuildPhase section */

/* Begin PBXTargetDependency section */
		E8811CAE28CAB9D6000EFDD6 /* PBXTargetDependency */ = {
			isa = PBXTargetDependency;
			target = E8811C9628CAB9D5000EFDD6 /* KPSSci */;
			targetProxy = E8811CAD28CAB9D6000EFDD6 /* PBXContainerItemProxy */;
		};
		E8811CB828CAB9D6000EFDD6 /* PBXTargetDependency */ = {
			isa = PBXTargetDependency;
			target = E8811C9628CAB9D5000EFDD6 /* KPSSci */;
			targetProxy = E8811CB728CAB9D6000EFDD6 /* PBXContainerItemProxy */;
		};
/* End PBXTargetDependency section */

/* Begin XCBuildConfiguration section */
		E8811CBE28CAB9D6000EFDD6 /* Debug */ = {
			isa = XCBuildConfiguration;
			buildSettings = {
				ALWAYS_SEARCH_USER_PATHS = NO;
				CLANG_ANALYZER_NONNULL = YES;
				CLANG_ANALYZER_NUMBER_OBJECT_CONVERSION = YES_AGGRESSIVE;
				CLANG_CXX_LANGUAGE_STANDARD = "gnu++17";
				CLANG_ENABLE_MODULES = YES;
				CLANG_ENABLE_OBJC_ARC = YES;
				CLANG_ENABLE_OBJC_WEAK = YES;
				CLANG_WARN_BLOCK_CAPTURE_AUTORELEASING = YES;
				CLANG_WARN_BOOL_CONVERSION = YES;
				CLANG_WARN_COMMA = YES;
				CLANG_WARN_CONSTANT_CONVERSION = YES;
				CLANG_WARN_DEPRECATED_OBJC_IMPLEMENTATIONS = YES;
				CLANG_WARN_DIRECT_OBJC_ISA_USAGE = YES_ERROR;
				CLANG_WARN_DOCUMENTATION_COMMENTS = YES;
				CLANG_WARN_EMPTY_BODY = YES;
				CLANG_WARN_ENUM_CONVERSION = YES;
				CLANG_WARN_INFINITE_RECURSION = YES;
				CLANG_WARN_INT_CONVERSION = YES;
				CLANG_WARN_NON_LITERAL_NULL_CONVERSION = YES;
				CLANG_WARN_OBJC_IMPLICIT_RETAIN_SELF = YES;
				CLANG_WARN_OBJC_LITERAL_CONVERSION = YES;
				CLANG_WARN_OBJC_ROOT_CLASS = YES_ERROR;
				CLANG_WARN_QUOTED_INCLUDE_IN_FRAMEWORK_HEADER = YES;
				CLANG_WARN_RANGE_LOOP_ANALYSIS = YES;
				CLANG_WARN_STRICT_PROTOTYPES = YES;
				CLANG_WARN_SUSPICIOUS_MOVE = YES;
				CLANG_WARN_UNGUARDED_AVAILABILITY = YES_AGGRESSIVE;
				CLANG_WARN_UNREACHABLE_CODE = YES;
				CLANG_WARN__DUPLICATE_METHOD_MATCH = YES;
				COPY_PHASE_STRIP = NO;
				DEBUG_INFORMATION_FORMAT = dwarf;
				ENABLE_STRICT_OBJC_MSGSEND = YES;
				ENABLE_TESTABILITY = YES;
				GCC_C_LANGUAGE_STANDARD = gnu11;
				GCC_DYNAMIC_NO_PIC = NO;
				GCC_NO_COMMON_BLOCKS = YES;
				GCC_OPTIMIZATION_LEVEL = 0;
				GCC_PREPROCESSOR_DEFINITIONS = (
					"DEBUG=1",
					"$(inherited)",
				);
				GCC_WARN_64_TO_32_BIT_CONVERSION = YES;
				GCC_WARN_ABOUT_RETURN_TYPE = YES_ERROR;
				GCC_WARN_UNDECLARED_SELECTOR = YES;
				GCC_WARN_UNINITIALIZED_AUTOS = YES_AGGRESSIVE;
				GCC_WARN_UNUSED_FUNCTION = YES;
				GCC_WARN_UNUSED_VARIABLE = YES;
				IPHONEOS_DEPLOYMENT_TARGET = 15.5;
				MTL_ENABLE_DEBUG_INFO = INCLUDE_SOURCE;
				MTL_FAST_MATH = YES;
				ONLY_ACTIVE_ARCH = YES;
				SDKROOT = iphoneos;
				SWIFT_ACTIVE_COMPILATION_CONDITIONS = DEBUG;
				SWIFT_OPTIMIZATION_LEVEL = "-Onone";
			};
			name = Debug;
		};
		E8811CBF28CAB9D6000EFDD6 /* Release */ = {
			isa = XCBuildConfiguration;
			buildSettings = {
				ALWAYS_SEARCH_USER_PATHS = NO;
				CLANG_ANALYZER_NONNULL = YES;
				CLANG_ANALYZER_NUMBER_OBJECT_CONVERSION = YES_AGGRESSIVE;
				CLANG_CXX_LANGUAGE_STANDARD = "gnu++17";
				CLANG_ENABLE_MODULES = YES;
				CLANG_ENABLE_OBJC_ARC = YES;
				CLANG_ENABLE_OBJC_WEAK = YES;
				CLANG_WARN_BLOCK_CAPTURE_AUTORELEASING = YES;
				CLANG_WARN_BOOL_CONVERSION = YES;
				CLANG_WARN_COMMA = YES;
				CLANG_WARN_CONSTANT_CONVERSION = YES;
				CLANG_WARN_DEPRECATED_OBJC_IMPLEMENTATIONS = YES;
				CLANG_WARN_DIRECT_OBJC_ISA_USAGE = YES_ERROR;
				CLANG_WARN_DOCUMENTATION_COMMENTS = YES;
				CLANG_WARN_EMPTY_BODY = YES;
				CLANG_WARN_ENUM_CONVERSION = YES;
				CLANG_WARN_INFINITE_RECURSION = YES;
				CLANG_WARN_INT_CONVERSION = YES;
				CLANG_WARN_NON_LITERAL_NULL_CONVERSION = YES;
				CLANG_WARN_OBJC_IMPLICIT_RETAIN_SELF = YES;
				CLANG_WARN_OBJC_LITERAL_CONVERSION = YES;
				CLANG_WARN_OBJC_ROOT_CLASS = YES_ERROR;
				CLANG_WARN_QUOTED_INCLUDE_IN_FRAMEWORK_HEADER = YES;
				CLANG_WARN_RANGE_LOOP_ANALYSIS = YES;
				CLANG_WARN_STRICT_PROTOTYPES = YES;
				CLANG_WARN_SUSPICIOUS_MOVE = YES;
				CLANG_WARN_UNGUARDED_AVAILABILITY = YES_AGGRESSIVE;
				CLANG_WARN_UNREACHABLE_CODE = YES;
				CLANG_WARN__DUPLICATE_METHOD_MATCH = YES;
				COPY_PHASE_STRIP = NO;
				DEBUG_INFORMATION_FORMAT = "dwarf-with-dsym";
				ENABLE_NS_ASSERTIONS = NO;
				ENABLE_STRICT_OBJC_MSGSEND = YES;
				GCC_C_LANGUAGE_STANDARD = gnu11;
				GCC_NO_COMMON_BLOCKS = YES;
				GCC_WARN_64_TO_32_BIT_CONVERSION = YES;
				GCC_WARN_ABOUT_RETURN_TYPE = YES_ERROR;
				GCC_WARN_UNDECLARED_SELECTOR = YES;
				GCC_WARN_UNINITIALIZED_AUTOS = YES_AGGRESSIVE;
				GCC_WARN_UNUSED_FUNCTION = YES;
				GCC_WARN_UNUSED_VARIABLE = YES;
				IPHONEOS_DEPLOYMENT_TARGET = 15.5;
				MTL_ENABLE_DEBUG_INFO = NO;
				MTL_FAST_MATH = YES;
				SDKROOT = iphoneos;
				SWIFT_COMPILATION_MODE = wholemodule;
				SWIFT_OPTIMIZATION_LEVEL = "-O";
				VALIDATE_PRODUCT = YES;
			};
			name = Release;
		};
		E8811CC128CAB9D6000EFDD6 /* Debug */ = {
			isa = XCBuildConfiguration;
			buildSettings = {
				ASSETCATALOG_COMPILER_APPICON_NAME = AppIcon;
				ASSETCATALOG_COMPILER_GLOBAL_ACCENT_COLOR_NAME = AccentColor;
				CODE_SIGN_STYLE = Automatic;
				CURRENT_PROJECT_VERSION = 1;
				DEVELOPMENT_ASSET_PATHS = "\"KPSSci/Preview Content\"";
				DEVELOPMENT_TEAM = QAX458Q984;
				ENABLE_PREVIEWS = YES;
				GENERATE_INFOPLIST_FILE = YES;
				INFOPLIST_KEY_UIApplicationSceneManifest_Generation = YES;
				INFOPLIST_KEY_UIApplicationSupportsIndirectInputEvents = YES;
				INFOPLIST_KEY_UILaunchScreen_Generation = YES;
				INFOPLIST_KEY_UISupportedInterfaceOrientations_iPad = "UIInterfaceOrientationPortrait UIInterfaceOrientationPortraitUpsideDown UIInterfaceOrientationLandscapeLeft UIInterfaceOrientationLandscapeRight";
				INFOPLIST_KEY_UISupportedInterfaceOrientations_iPhone = "UIInterfaceOrientationPortrait UIInterfaceOrientationLandscapeLeft UIInterfaceOrientationLandscapeRight";
				LD_RUNPATH_SEARCH_PATHS = (
					"$(inherited)",
					"@executable_path/Frameworks",
				);
				MARKETING_VERSION = 1.0;
				PRODUCT_BUNDLE_IDENTIFIER = com.alpps.KPSSci;
				PRODUCT_NAME = "$(TARGET_NAME)";
				SWIFT_EMIT_LOC_STRINGS = YES;
				SWIFT_VERSION = 5.0;
				TARGETED_DEVICE_FAMILY = "1,2";
			};
			name = Debug;
		};
		E8811CC228CAB9D6000EFDD6 /* Release */ = {
			isa = XCBuildConfiguration;
			buildSettings = {
				ASSETCATALOG_COMPILER_APPICON_NAME = AppIcon;
				ASSETCATALOG_COMPILER_GLOBAL_ACCENT_COLOR_NAME = AccentColor;
				CODE_SIGN_STYLE = Automatic;
				CURRENT_PROJECT_VERSION = 1;
				DEVELOPMENT_ASSET_PATHS = "\"KPSSci/Preview Content\"";
				DEVELOPMENT_TEAM = QAX458Q984;
				ENABLE_PREVIEWS = YES;
				GENERATE_INFOPLIST_FILE = YES;
				INFOPLIST_KEY_UIApplicationSceneManifest_Generation = YES;
				INFOPLIST_KEY_UIApplicationSupportsIndirectInputEvents = YES;
				INFOPLIST_KEY_UILaunchScreen_Generation = YES;
				INFOPLIST_KEY_UISupportedInterfaceOrientations_iPad = "UIInterfaceOrientationPortrait UIInterfaceOrientationPortraitUpsideDown UIInterfaceOrientationLandscapeLeft UIInterfaceOrientationLandscapeRight";
				INFOPLIST_KEY_UISupportedInterfaceOrientations_iPhone = "UIInterfaceOrientationPortrait UIInterfaceOrientationLandscapeLeft UIInterfaceOrientationLandscapeRight";
				LD_RUNPATH_SEARCH_PATHS = (
					"$(inherited)",
					"@executable_path/Frameworks",
				);
				MARKETING_VERSION = 1.0;
				PRODUCT_BUNDLE_IDENTIFIER = com.alpps.KPSSci;
				PRODUCT_NAME = "$(TARGET_NAME)";
				SWIFT_EMIT_LOC_STRINGS = YES;
				SWIFT_VERSION = 5.0;
				TARGETED_DEVICE_FAMILY = "1,2";
			};
			name = Release;
		};
		E8811CC428CAB9D6000EFDD6 /* Debug */ = {
			isa = XCBuildConfiguration;
			buildSettings = {
				ALWAYS_EMBED_SWIFT_STANDARD_LIBRARIES = YES;
				BUNDLE_LOADER = "$(TEST_HOST)";
				CODE_SIGN_STYLE = Automatic;
				CURRENT_PROJECT_VERSION = 1;
				DEVELOPMENT_TEAM = QAX458Q984;
				GENERATE_INFOPLIST_FILE = YES;
				IPHONEOS_DEPLOYMENT_TARGET = 15.5;
				MARKETING_VERSION = 1.0;
				PRODUCT_BUNDLE_IDENTIFIER = com.alpps.KPSSciTests;
				PRODUCT_NAME = "$(TARGET_NAME)";
				SWIFT_EMIT_LOC_STRINGS = NO;
				SWIFT_VERSION = 5.0;
				TARGETED_DEVICE_FAMILY = "1,2";
				TEST_HOST = "$(BUILT_PRODUCTS_DIR)/KPSSci.app/KPSSci";
			};
			name = Debug;
		};
		E8811CC528CAB9D6000EFDD6 /* Release */ = {
			isa = XCBuildConfiguration;
			buildSettings = {
				ALWAYS_EMBED_SWIFT_STANDARD_LIBRARIES = YES;
				BUNDLE_LOADER = "$(TEST_HOST)";
				CODE_SIGN_STYLE = Automatic;
				CURRENT_PROJECT_VERSION = 1;
				DEVELOPMENT_TEAM = QAX458Q984;
				GENERATE_INFOPLIST_FILE = YES;
				IPHONEOS_DEPLOYMENT_TARGET = 15.5;
				MARKETING_VERSION = 1.0;
				PRODUCT_BUNDLE_IDENTIFIER = com.alpps.KPSSciTests;
				PRODUCT_NAME = "$(TARGET_NAME)";
				SWIFT_EMIT_LOC_STRINGS = NO;
				SWIFT_VERSION = 5.0;
				TARGETED_DEVICE_FAMILY = "1,2";
				TEST_HOST = "$(BUILT_PRODUCTS_DIR)/KPSSci.app/KPSSci";
			};
			name = Release;
		};
		E8811CC728CAB9D6000EFDD6 /* Debug */ = {
			isa = XCBuildConfiguration;
			buildSettings = {
				ALWAYS_EMBED_SWIFT_STANDARD_LIBRARIES = YES;
				CODE_SIGN_STYLE = Automatic;
				CURRENT_PROJECT_VERSION = 1;
				DEVELOPMENT_TEAM = QAX458Q984;
				GENERATE_INFOPLIST_FILE = YES;
				MARKETING_VERSION = 1.0;
				PRODUCT_BUNDLE_IDENTIFIER = com.alpps.KPSSciUITests;
				PRODUCT_NAME = "$(TARGET_NAME)";
				SWIFT_EMIT_LOC_STRINGS = NO;
				SWIFT_VERSION = 5.0;
				TARGETED_DEVICE_FAMILY = "1,2";
				TEST_TARGET_NAME = KPSSci;
			};
			name = Debug;
		};
		E8811CC828CAB9D6000EFDD6 /* Release */ = {
			isa = XCBuildConfiguration;
			buildSettings = {
				ALWAYS_EMBED_SWIFT_STANDARD_LIBRARIES = YES;
				CODE_SIGN_STYLE = Automatic;
				CURRENT_PROJECT_VERSION = 1;
				DEVELOPMENT_TEAM = QAX458Q984;
				GENERATE_INFOPLIST_FILE = YES;
				MARKETING_VERSION = 1.0;
				PRODUCT_BUNDLE_IDENTIFIER = com.alpps.KPSSciUITests;
				PRODUCT_NAME = "$(TARGET_NAME)";
				SWIFT_EMIT_LOC_STRINGS = NO;
				SWIFT_VERSION = 5.0;
				TARGETED_DEVICE_FAMILY = "1,2";
				TEST_TARGET_NAME = KPSSci;
			};
			name = Release;
		};
/* End XCBuildConfiguration section */

/* Begin XCConfigurationList section */
		E8811C9228CAB9D5000EFDD6 /* Build configuration list for PBXProject "KPSSci" */ = {
			isa = XCConfigurationList;
			buildConfigurations = (
				E8811CBE28CAB9D6000EFDD6 /* Debug */,
				E8811CBF28CAB9D6000EFDD6 /* Release */,
			);
			defaultConfigurationIsVisible = 0;
			defaultConfigurationName = Release;
		};
		E8811CC028CAB9D6000EFDD6 /* Build configuration list for PBXNativeTarget "KPSSci" */ = {
			isa = XCConfigurationList;
			buildConfigurations = (
				E8811CC128CAB9D6000EFDD6 /* Debug */,
				E8811CC228CAB9D6000EFDD6 /* Release */,
			);
			defaultConfigurationIsVisible = 0;
			defaultConfigurationName = Release;
		};
		E8811CC328CAB9D6000EFDD6 /* Build configuration list for PBXNativeTarget "KPSSciTests" */ = {
			isa = XCConfigurationList;
			buildConfigurations = (
				E8811CC428CAB9D6000EFDD6 /* Debug */,
				E8811CC528CAB9D6000EFDD6 /* Release */,
			);
			defaultConfigurationIsVisible = 0;
			defaultConfigurationName = Release;
		};
		E8811CC628CAB9D6000EFDD6 /* Build configuration list for PBXNativeTarget "KPSSciUITests" */ = {
			isa = XCConfigurationList;
			buildConfigurations = (
				E8811CC728CAB9D6000EFDD6 /* Debug */,
				E8811CC828CAB9D6000EFDD6 /* Release */,
			);
			defaultConfigurationIsVisible = 0;
			defaultConfigurationName = Release;
		};
/* End XCConfigurationList section */

/* Begin XCVersionGroup section */
		E8811CA528CAB9D6000EFDD6 /* KPSSci.xcdatamodeld */ = {
			isa = XCVersionGroup;
			children = (
				E8811CA628CAB9D6000EFDD6 /* KPSSci.xcdatamodel */,
			);
			currentVersion = E8811CA628CAB9D6000EFDD6 /* KPSSci.xcdatamodel */;
			path = KPSSci.xcdatamodeld;
			sourceTree = "<group>";
			versionGroupType = wrapper.xcdatamodel;
		};
/* End XCVersionGroup section */
	};
	rootObject = E8811C8F28CAB9D5000EFDD6 /* Project object */;
}
